
Microsoft Visual Studio Solution File, Format Version 12.00
# Visual Studio Version 17
VisualStudioVersion = 17.0.32126.317
MinimumVisualStudioVersion = 10.0.40219.1
Project("{9A19103F-16F7-4668-BE54-9A1E7A4F7556}") = "tests-generator", "tests-generator\tests-generator.csproj", "{EFF13DDD-1E32-4DD9-86B9-7D439E1070D9}"
EndProject
Project("{9A19103F-16F7-4668-BE54-9A1E7A4F7556}") = "tests-generator.app", "tests-generator.app\tests-generator.app.csproj", "{616DF94B-64B5-4F43-89ED-B09FA23BB109}"
EndProject
Project("{FAE04EC0-301F-11D3-BF4B-00C04F79EFBC}") = "test-generator.tests", "test-generator.tests\test-generator.tests.csproj", "{766E9730-1121-47BE-90D3-D1CAF5A5DE8C}"
EndProject
Global
	GlobalSection(SolutionConfigurationPlatforms) = preSolution
		Debug|Any CPU = Debug|Any CPU
		Release|Any CPU = Release|Any CPU
	EndGlobalSection
	GlobalSection(ProjectConfigurationPlatforms) = postSolution
		{EFF13DDD-1E32-4DD9-86B9-7D439E1070D9}.Debug|Any CPU.ActiveCfg = Debug|Any CPU
		{EFF13DDD-1E32-4DD9-86B9-7D439E1070D9}.Debug|Any CPU.Build.0 = Debug|Any CPU
		{EFF13DDD-1E32-4DD9-86B9-7D439E1070D9}.Release|Any CPU.ActiveCfg = Release|Any CPU
		{EFF13DDD-1E32-4DD9-86B9-7D439E1070D9}.Release|Any CPU.Build.0 = Release|Any CPU
		{616DF94B-64B5-4F43-89ED-B09FA23BB109}.Debug|Any CPU.ActiveCfg = Debug|Any CPU
		{616DF94B-64B5-4F43-89ED-B09FA23BB109}.Debug|Any CPU.Build.0 = Debug|Any CPU
		{616DF94B-64B5-4F43-89ED-B09FA23BB109}.Release|Any CPU.ActiveCfg = Release|Any CPU
		{616DF94B-64B5-4F43-89ED-B09FA23BB109}.Release|Any CPU.Build.0 = Release|Any CPU
		{766E9730-1121-47BE-90D3-D1CAF5A5DE8C}.Debug|Any CPU.ActiveCfg = Debug|Any CPU
		{766E9730-1121-47BE-90D3-D1CAF5A5DE8C}.Debug|Any CPU.Build.0 = Debug|Any CPU
		{766E9730-1121-47BE-90D3-D1CAF5A5DE8C}.Release|Any CPU.ActiveCfg = Release|Any CPU
		{766E9730-1121-47BE-90D3-D1CAF5A5DE8C}.Release|Any CPU.Build.0 = Release|Any CPU
	EndGlobalSection
	GlobalSection(SolutionProperties) = preSolution
		HideSolutionNode = FALSE
	EndGlobalSection
	GlobalSection(ExtensibilityGlobals) = postSolution
		SolutionGuid = {DCAC78B1-A1EB-4F11-8B5C-6F69A681E26F}
	EndGlobalSection
EndGlobal
