
Microsoft Visual Studio Solution File, Format Version 12.00
# Visual Studio Version 17
VisualStudioVersion = 17.0.32126.317
MinimumVisualStudioVersion = 10.0.40219.1
Project("{FAE04EC0-301F-11D3-BF4B-00C04F79EFBC}") = "tests-generator", "tests-generator\tests-generator.csproj", "{EFF13DDD-1E32-4DD9-86B9-7D439E1070D9}"
EndProject
Global
	GlobalSection(SolutionConfigurationPlatforms) = preSolution
		Debug|Any CPU = Debug|Any CPU
		Release|Any CPU = Release|Any CPU
	EndGlobalSection
	GlobalSection(ProjectConfigurationPlatforms) = postSolution
		{EFF13DDD-1E32-4DD9-86B9-7D439E1070D9}.Debug|Any CPU.ActiveCfg = Debug|Any CPU
		{EFF13DDD-1E32-4DD9-86B9-7D439E1070D9}.Debug|Any CPU.Build.0 = Debug|Any CPU
		{EFF13DDD-1E32-4DD9-86B9-7D439E1070D9}.Release|Any CPU.ActiveCfg = Release|Any CPU
		{EFF13DDD-1E32-4DD9-86B9-7D439E1070D9}.Release|Any CPU.Build.0 = Release|Any CPU
	EndGlobalSection
	GlobalSection(SolutionProperties) = preSolution
		HideSolutionNode = FALSE
	EndGlobalSection
	GlobalSection(ExtensibilityGlobals) = postSolution
		SolutionGuid = {DCAC78B1-A1EB-4F11-8B5C-6F69A681E26F}
	EndGlobalSection
EndGlobal
